
Microsoft Visual Studio Solution File, Format Version 12.00
# Visual Studio Version 16
VisualStudioVersion = 16.0.31424.327
MinimumVisualStudioVersion = 10.0.40219.1
Project("{9A19103F-16F7-4668-BE54-9A1E7A4F7556}") = "IMC.Web", "CalculoIMC\IMC.Web.csproj", "{4F60A877-D6E1-4EDE-82E2-4CB42B485E27}"
EndProject
Project("{9A19103F-16F7-4668-BE54-9A1E7A4F7556}") = "IMC.Dominio", "IMC.Dominio\IMC.Dominio.csproj", "{5FB86C49-D9A1-4545-9C12-BEF8A507E6A0}"
EndProject
Project("{9A19103F-16F7-4668-BE54-9A1E7A4F7556}") = "IMC.Infra.Data", "IMC.Infra.Data\IMC.Infra.Data.csproj", "{2A8D8E64-249F-4FF9-8886-0D412B709AF5}"
EndProject
Project("{9A19103F-16F7-4668-BE54-9A1E7A4F7556}") = "IMC.Aplicacao", "IMC.Aplicacao\IMC.Aplicacao.csproj", "{146D0F58-B29E-4C5E-B93D-61AFECE21FA2}"
EndProject
Project("{9A19103F-16F7-4668-BE54-9A1E7A4F7556}") = "IMC.Infra.IoC", "IMC.Infra.IoC\IMC.Infra.IoC.csproj", "{A8AA75A3-A7E0-4CA0-B783-380B340C32FC}"
EndProject
Global
	GlobalSection(SolutionConfigurationPlatforms) = preSolution
		Debug|Any CPU = Debug|Any CPU
		Release|Any CPU = Release|Any CPU
	EndGlobalSection
	GlobalSection(ProjectConfigurationPlatforms) = postSolution
		{4F60A877-D6E1-4EDE-82E2-4CB42B485E27}.Debug|Any CPU.ActiveCfg = Debug|Any CPU
		{4F60A877-D6E1-4EDE-82E2-4CB42B485E27}.Debug|Any CPU.Build.0 = Debug|Any CPU
		{4F60A877-D6E1-4EDE-82E2-4CB42B485E27}.Release|Any CPU.ActiveCfg = Release|Any CPU
		{4F60A877-D6E1-4EDE-82E2-4CB42B485E27}.Release|Any CPU.Build.0 = Release|Any CPU
		{5FB86C49-D9A1-4545-9C12-BEF8A507E6A0}.Debug|Any CPU.ActiveCfg = Debug|Any CPU
		{5FB86C49-D9A1-4545-9C12-BEF8A507E6A0}.Debug|Any CPU.Build.0 = Debug|Any CPU
		{5FB86C49-D9A1-4545-9C12-BEF8A507E6A0}.Release|Any CPU.ActiveCfg = Release|Any CPU
		{5FB86C49-D9A1-4545-9C12-BEF8A507E6A0}.Release|Any CPU.Build.0 = Release|Any CPU
		{2A8D8E64-249F-4FF9-8886-0D412B709AF5}.Debug|Any CPU.ActiveCfg = Debug|Any CPU
		{2A8D8E64-249F-4FF9-8886-0D412B709AF5}.Debug|Any CPU.Build.0 = Debug|Any CPU
		{2A8D8E64-249F-4FF9-8886-0D412B709AF5}.Release|Any CPU.ActiveCfg = Release|Any CPU
		{2A8D8E64-249F-4FF9-8886-0D412B709AF5}.Release|Any CPU.Build.0 = Release|Any CPU
		{146D0F58-B29E-4C5E-B93D-61AFECE21FA2}.Debug|Any CPU.ActiveCfg = Debug|Any CPU
		{146D0F58-B29E-4C5E-B93D-61AFECE21FA2}.Debug|Any CPU.Build.0 = Debug|Any CPU
		{146D0F58-B29E-4C5E-B93D-61AFECE21FA2}.Release|Any CPU.ActiveCfg = Release|Any CPU
		{146D0F58-B29E-4C5E-B93D-61AFECE21FA2}.Release|Any CPU.Build.0 = Release|Any CPU
		{A8AA75A3-A7E0-4CA0-B783-380B340C32FC}.Debug|Any CPU.ActiveCfg = Debug|Any CPU
		{A8AA75A3-A7E0-4CA0-B783-380B340C32FC}.Debug|Any CPU.Build.0 = Debug|Any CPU
		{A8AA75A3-A7E0-4CA0-B783-380B340C32FC}.Release|Any CPU.ActiveCfg = Release|Any CPU
		{A8AA75A3-A7E0-4CA0-B783-380B340C32FC}.Release|Any CPU.Build.0 = Release|Any CPU
	EndGlobalSection
	GlobalSection(SolutionProperties) = preSolution
		HideSolutionNode = FALSE
	EndGlobalSection
	GlobalSection(ExtensibilityGlobals) = postSolution
		SolutionGuid = {88BF104E-6C82-497B-BF54-8251BDC490F2}
	EndGlobalSection
EndGlobal
